
Microsoft Visual Studio Solution File, Format Version 12.00
# Visual Studio Version 17
VisualStudioVersion = 17.9.34723.18
MinimumVisualStudioVersion = 10.0.40219.1
Project("{2150E333-8FDC-42A3-9474-1A3956D46DE8}") = "Services", "Services", "{30ACEAF6-526E-41AE-84A1-FABE38220A20}"
EndProject
Project("{2150E333-8FDC-42A3-9474-1A3956D46DE8}") = "Catalog", "Catalog", "{92943D20-89BF-4733-872F-A215DACD0239}"
EndProject
Project("{9A19103F-16F7-4668-BE54-9A1E7A4F7556}") = "Catalog.Api", "Services\Catalog\Catalog.Api\Catalog.Api.csproj", "{0F370458-6F2B-454D-B4DA-9AD1E43F59DE}"
EndProject
Project("{2150E333-8FDC-42A3-9474-1A3956D46DE8}") = "BuildingBlocks", "BuildingBlocks", "{D95E1AE2-B77B-46C6-BACA-93554CEB4561}"
EndProject
Project("{9A19103F-16F7-4668-BE54-9A1E7A4F7556}") = "BuildingBlocks", "BuildingBlocks\BuildingBlocks\BuildingBlocks.csproj", "{9E2F79D1-38CF-4813-94D7-0CF8E9B6D021}"
EndProject
Project("{E53339B2-1760-4266-BCC7-CA923CBCF16C}") = "docker-compose", "docker-compose.dcproj", "{38BA905E-F199-4D5C-A228-4FA21EC30D8B}"
EndProject
Project("{2150E333-8FDC-42A3-9474-1A3956D46DE8}") = "Basket", "Basket", "{7CB38C24-EF42-4E45-90B6-BB297EC22AE9}"
EndProject
Project("{9A19103F-16F7-4668-BE54-9A1E7A4F7556}") = "Basket.Api", "Services\Basket\Basket.Api\Basket.Api.csproj", "{76B70DC6-B02B-4F69-9145-37CEE55AB64F}"
EndProject
Project("{2150E333-8FDC-42A3-9474-1A3956D46DE8}") = "Discount", "Discount", "{F3D465BA-3D34-47A9-8299-C6D4C139D4DB}"
EndProject
Project("{9A19103F-16F7-4668-BE54-9A1E7A4F7556}") = "Discount.Grpc", "Services\Discount\Discount.Grpc\Discount.Grpc.csproj", "{BE5639EF-0F55-4826-B7B9-0AA2033E712C}"
EndProject
Project("{2150E333-8FDC-42A3-9474-1A3956D46DE8}") = "Ordering", "Ordering", "{386A9916-695F-4F74-85A5-DB55F44E804C}"
EndProject
Project("{9A19103F-16F7-4668-BE54-9A1E7A4F7556}") = "Ordering.Api", "Services\Ordering\Ordering.Api\Ordering.Api.csproj", "{34DD18E7-7E87-4449-AB70-E294405E16FC}"
EndProject
Project("{9A19103F-16F7-4668-BE54-9A1E7A4F7556}") = "Ordering.Domain", "Services\Ordering\Ordering.Domain\Ordering.Domain.csproj", "{FC4F904E-24C2-470D-AE6A-0420AC7A1B84}"
EndProject
Project("{9A19103F-16F7-4668-BE54-9A1E7A4F7556}") = "Ordering.Application", "Services\Ordering\Ordering.Application\Ordering.Application.csproj", "{53C65DDC-4704-4042-B528-5EEC38BF30F6}"
EndProject
Project("{9A19103F-16F7-4668-BE54-9A1E7A4F7556}") = "Ordering.Infrastructure", "Services\Ordering\Ordering.Infrastructure\Ordering.Infrastructure.csproj", "{F84FF11E-12CB-4009-B8CB-24482F5C0EB9}"
EndProject
Project("{FAE04EC0-301F-11D3-BF4B-00C04F79EFBC}") = "BuildingBlocks.Messaging", "BuildingBlocks\BuildingBlocks.Messaging\BuildingBlocks.Messaging.csproj", "{C7DB31AF-ED39-48D3-BEA4-AE7220ACE5E2}"
EndProject
Global
	GlobalSection(SolutionConfigurationPlatforms) = preSolution
		Debug|Any CPU = Debug|Any CPU
		Release|Any CPU = Release|Any CPU
	EndGlobalSection
	GlobalSection(ProjectConfigurationPlatforms) = postSolution
		{0F370458-6F2B-454D-B4DA-9AD1E43F59DE}.Debug|Any CPU.ActiveCfg = Debug|Any CPU
		{0F370458-6F2B-454D-B4DA-9AD1E43F59DE}.Debug|Any CPU.Build.0 = Debug|Any CPU
		{0F370458-6F2B-454D-B4DA-9AD1E43F59DE}.Release|Any CPU.ActiveCfg = Release|Any CPU
		{0F370458-6F2B-454D-B4DA-9AD1E43F59DE}.Release|Any CPU.Build.0 = Release|Any CPU
		{9E2F79D1-38CF-4813-94D7-0CF8E9B6D021}.Debug|Any CPU.ActiveCfg = Debug|Any CPU
		{9E2F79D1-38CF-4813-94D7-0CF8E9B6D021}.Debug|Any CPU.Build.0 = Debug|Any CPU
		{9E2F79D1-38CF-4813-94D7-0CF8E9B6D021}.Release|Any CPU.ActiveCfg = Release|Any CPU
		{9E2F79D1-38CF-4813-94D7-0CF8E9B6D021}.Release|Any CPU.Build.0 = Release|Any CPU
		{38BA905E-F199-4D5C-A228-4FA21EC30D8B}.Debug|Any CPU.ActiveCfg = Debug|Any CPU
		{38BA905E-F199-4D5C-A228-4FA21EC30D8B}.Debug|Any CPU.Build.0 = Debug|Any CPU
		{38BA905E-F199-4D5C-A228-4FA21EC30D8B}.Release|Any CPU.ActiveCfg = Release|Any CPU
		{38BA905E-F199-4D5C-A228-4FA21EC30D8B}.Release|Any CPU.Build.0 = Release|Any CPU
		{76B70DC6-B02B-4F69-9145-37CEE55AB64F}.Debug|Any CPU.ActiveCfg = Debug|Any CPU
		{76B70DC6-B02B-4F69-9145-37CEE55AB64F}.Debug|Any CPU.Build.0 = Debug|Any CPU
		{76B70DC6-B02B-4F69-9145-37CEE55AB64F}.Release|Any CPU.ActiveCfg = Release|Any CPU
		{76B70DC6-B02B-4F69-9145-37CEE55AB64F}.Release|Any CPU.Build.0 = Release|Any CPU
		{BE5639EF-0F55-4826-B7B9-0AA2033E712C}.Debug|Any CPU.ActiveCfg = Debug|Any CPU
		{BE5639EF-0F55-4826-B7B9-0AA2033E712C}.Debug|Any CPU.Build.0 = Debug|Any CPU
		{BE5639EF-0F55-4826-B7B9-0AA2033E712C}.Release|Any CPU.ActiveCfg = Release|Any CPU
		{BE5639EF-0F55-4826-B7B9-0AA2033E712C}.Release|Any CPU.Build.0 = Release|Any CPU
		{34DD18E7-7E87-4449-AB70-E294405E16FC}.Debug|Any CPU.ActiveCfg = Debug|Any CPU
		{34DD18E7-7E87-4449-AB70-E294405E16FC}.Debug|Any CPU.Build.0 = Debug|Any CPU
		{34DD18E7-7E87-4449-AB70-E294405E16FC}.Release|Any CPU.ActiveCfg = Release|Any CPU
		{34DD18E7-7E87-4449-AB70-E294405E16FC}.Release|Any CPU.Build.0 = Release|Any CPU
		{FC4F904E-24C2-470D-AE6A-0420AC7A1B84}.Debug|Any CPU.ActiveCfg = Debug|Any CPU
		{FC4F904E-24C2-470D-AE6A-0420AC7A1B84}.Debug|Any CPU.Build.0 = Debug|Any CPU
		{FC4F904E-24C2-470D-AE6A-0420AC7A1B84}.Release|Any CPU.ActiveCfg = Release|Any CPU
		{FC4F904E-24C2-470D-AE6A-0420AC7A1B84}.Release|Any CPU.Build.0 = Release|Any CPU
		{53C65DDC-4704-4042-B528-5EEC38BF30F6}.Debug|Any CPU.ActiveCfg = Debug|Any CPU
		{53C65DDC-4704-4042-B528-5EEC38BF30F6}.Debug|Any CPU.Build.0 = Debug|Any CPU
		{53C65DDC-4704-4042-B528-5EEC38BF30F6}.Release|Any CPU.ActiveCfg = Release|Any CPU
		{53C65DDC-4704-4042-B528-5EEC38BF30F6}.Release|Any CPU.Build.0 = Release|Any CPU
		{F84FF11E-12CB-4009-B8CB-24482F5C0EB9}.Debug|Any CPU.ActiveCfg = Debug|Any CPU
		{F84FF11E-12CB-4009-B8CB-24482F5C0EB9}.Debug|Any CPU.Build.0 = Debug|Any CPU
		{F84FF11E-12CB-4009-B8CB-24482F5C0EB9}.Release|Any CPU.ActiveCfg = Release|Any CPU
		{F84FF11E-12CB-4009-B8CB-24482F5C0EB9}.Release|Any CPU.Build.0 = Release|Any CPU
		{C7DB31AF-ED39-48D3-BEA4-AE7220ACE5E2}.Debug|Any CPU.ActiveCfg = Debug|Any CPU
		{C7DB31AF-ED39-48D3-BEA4-AE7220ACE5E2}.Debug|Any CPU.Build.0 = Debug|Any CPU
		{C7DB31AF-ED39-48D3-BEA4-AE7220ACE5E2}.Release|Any CPU.ActiveCfg = Release|Any CPU
		{C7DB31AF-ED39-48D3-BEA4-AE7220ACE5E2}.Release|Any CPU.Build.0 = Release|Any CPU
	EndGlobalSection
	GlobalSection(SolutionProperties) = preSolution
		HideSolutionNode = FALSE
	EndGlobalSection
	GlobalSection(NestedProjects) = preSolution
		{92943D20-89BF-4733-872F-A215DACD0239} = {30ACEAF6-526E-41AE-84A1-FABE38220A20}
		{0F370458-6F2B-454D-B4DA-9AD1E43F59DE} = {92943D20-89BF-4733-872F-A215DACD0239}
		{9E2F79D1-38CF-4813-94D7-0CF8E9B6D021} = {D95E1AE2-B77B-46C6-BACA-93554CEB4561}
		{7CB38C24-EF42-4E45-90B6-BB297EC22AE9} = {30ACEAF6-526E-41AE-84A1-FABE38220A20}
		{76B70DC6-B02B-4F69-9145-37CEE55AB64F} = {7CB38C24-EF42-4E45-90B6-BB297EC22AE9}
		{F3D465BA-3D34-47A9-8299-C6D4C139D4DB} = {30ACEAF6-526E-41AE-84A1-FABE38220A20}
		{BE5639EF-0F55-4826-B7B9-0AA2033E712C} = {F3D465BA-3D34-47A9-8299-C6D4C139D4DB}
		{386A9916-695F-4F74-85A5-DB55F44E804C} = {30ACEAF6-526E-41AE-84A1-FABE38220A20}
		{34DD18E7-7E87-4449-AB70-E294405E16FC} = {386A9916-695F-4F74-85A5-DB55F44E804C}
		{FC4F904E-24C2-470D-AE6A-0420AC7A1B84} = {386A9916-695F-4F74-85A5-DB55F44E804C}
		{53C65DDC-4704-4042-B528-5EEC38BF30F6} = {386A9916-695F-4F74-85A5-DB55F44E804C}
		{F84FF11E-12CB-4009-B8CB-24482F5C0EB9} = {386A9916-695F-4F74-85A5-DB55F44E804C}
		{C7DB31AF-ED39-48D3-BEA4-AE7220ACE5E2} = {D95E1AE2-B77B-46C6-BACA-93554CEB4561}
	EndGlobalSection
	GlobalSection(ExtensibilityGlobals) = postSolution
		SolutionGuid = {2CA2090A-912B-4B9F-A749-503CE70610A6}
	EndGlobalSection
EndGlobal
